
Microsoft Visual Studio Solution File, Format Version 12.00
# Visual Studio Version 17
VisualStudioVersion = 17.0.31903.59
MinimumVisualStudioVersion = 10.0.40219.1
Project("{FAE04EC0-301F-11D3-BF4B-00C04F79EFBC}") = "api", "api\api.csproj", "{73F8E13E-F88B-4D46-9797-B51814BE6F9F}"
EndProject
Project("{FAE04EC0-301F-11D3-BF4B-00C04F79EFBC}") = "db_queries", "db_queries\db_queries.csproj", "{5C92ECA1-FCE6-4BD6-A6CE-B7DFDA8C4B90}"
EndProject
Global
	GlobalSection(SolutionConfigurationPlatforms) = preSolution
		Debug|Any CPU = Debug|Any CPU
		Release|Any CPU = Release|Any CPU
	EndGlobalSection
	GlobalSection(SolutionProperties) = preSolution
		HideSolutionNode = FALSE
	EndGlobalSection
	GlobalSection(ProjectConfigurationPlatforms) = postSolution
		{73F8E13E-F88B-4D46-9797-B51814BE6F9F}.Debug|Any CPU.ActiveCfg = Debug|Any CPU
		{73F8E13E-F88B-4D46-9797-B51814BE6F9F}.Debug|Any CPU.Build.0 = Debug|Any CPU
		{73F8E13E-F88B-4D46-9797-B51814BE6F9F}.Release|Any CPU.ActiveCfg = Release|Any CPU
		{73F8E13E-F88B-4D46-9797-B51814BE6F9F}.Release|Any CPU.Build.0 = Release|Any CPU
		{5C92ECA1-FCE6-4BD6-A6CE-B7DFDA8C4B90}.Debug|Any CPU.ActiveCfg = Debug|Any CPU
		{5C92ECA1-FCE6-4BD6-A6CE-B7DFDA8C4B90}.Debug|Any CPU.Build.0 = Debug|Any CPU
		{5C92ECA1-FCE6-4BD6-A6CE-B7DFDA8C4B90}.Release|Any CPU.ActiveCfg = Release|Any CPU
		{5C92ECA1-FCE6-4BD6-A6CE-B7DFDA8C4B90}.Release|Any CPU.Build.0 = Release|Any CPU
	EndGlobalSection
EndGlobal
